
Microsoft Visual Studio Solution File, Format Version 12.00
# Visual Studio 15
VisualStudioVersion = 15.0.27130.2020
MinimumVisualStudioVersion = 10.0.40219.1
Project("{FAE04EC0-301F-11D3-BF4B-00C04F79EFBC}") = "LetterLoops", "LetterLoops\LetterLoops.csproj", "{CC1B7E35-2058-4A99-9307-3C587D928506}"
EndProject
Global
	GlobalSection(SolutionConfigurationPlatforms) = preSolution
		Debug|Any CPU = Debug|Any CPU
		Release|Any CPU = Release|Any CPU
	EndGlobalSection
	GlobalSection(ProjectConfigurationPlatforms) = postSolution
		{CC1B7E35-2058-4A99-9307-3C587D928506}.Debug|Any CPU.ActiveCfg = Debug|Any CPU
		{CC1B7E35-2058-4A99-9307-3C587D928506}.Debug|Any CPU.Build.0 = Debug|Any CPU
		{CC1B7E35-2058-4A99-9307-3C587D928506}.Release|Any CPU.ActiveCfg = Release|Any CPU
		{CC1B7E35-2058-4A99-9307-3C587D928506}.Release|Any CPU.Build.0 = Release|Any CPU
	EndGlobalSection
	GlobalSection(SolutionProperties) = preSolution
		HideSolutionNode = FALSE
	EndGlobalSection
	GlobalSection(ExtensibilityGlobals) = postSolution
		SolutionGuid = {2308E635-CA44-4DD0-9060-CD8A7CA270B9}
	EndGlobalSection
EndGlobal
